<Solution>
  <Project Path="Assembly-CSharp.csproj" />
  <Project Path="LevelDesigner.Editor.csproj" />
  <Project Path="Firebase.FirebaseAI.csproj" />
  <Project Path="Assembly-CSharp-firstpass.csproj" />
  <Project Path="Assembly-CSharp-Editor.csproj" />
  <Project Path="Firebase.App.Internal.csproj" />
</Solution>
